// !$*UTF8*$!
{
	archiveVersion = 1;
	classes = {
	};
	objectVersion = 46;
	objects = {

/* Begin PBXBuildFile section */
		185B06501CD7F097007CABE3 /* MemeCollectionViewCell.swift in Sources */ = {isa = PBXBuildFile; fileRef = 185B064F1CD7F097007CABE3 /* MemeCollectionViewCell.swift */; };
		185B06521CD8F6D3007CABE3 /* MemeDetailViewController.swift in Sources */ = {isa = PBXBuildFile; fileRef = 185B06511CD8F6D3007CABE3 /* MemeDetailViewController.swift */; };
		18CABEBC1CD13B63002FEF4D /* AppDelegate.swift in Sources */ = {isa = PBXBuildFile; fileRef = 18CABEBB1CD13B63002FEF4D /* AppDelegate.swift */; };
		18CABEBE1CD13B63002FEF4D /* MemeEditorViewController.swift in Sources */ = {isa = PBXBuildFile; fileRef = 18CABEBD1CD13B63002FEF4D /* MemeEditorViewController.swift */; };
		18CABEC11CD13B63002FEF4D /* Main.storyboard in Resources */ = {isa = PBXBuildFile; fileRef = 18CABEBF1CD13B63002FEF4D /* Main.storyboard */; };
		18CABEC31CD13B63002FEF4D /* Assets.xcassets in Resources */ = {isa = PBXBuildFile; fileRef = 18CABEC21CD13B63002FEF4D /* Assets.xcassets */; };
		18CABEC61CD13B63002FEF4D /* LaunchScreen.storyboard in Resources */ = {isa = PBXBuildFile; fileRef = 18CABEC41CD13B63002FEF4D /* LaunchScreen.storyboard */; };
		18CABED11CD13B63002FEF4D /* MemeMeTests.swift in Sources */ = {isa = PBXBuildFile; fileRef = 18CABED01CD13B63002FEF4D /* MemeMeTests.swift */; };
		18CABEDC1CD13B63002FEF4D /* MemeMeUITests.swift in Sources */ = {isa = PBXBuildFile; fileRef = 18CABEDB1CD13B63002FEF4D /* MemeMeUITests.swift */; };
		18CABEEC1CD7B978002FEF4D /* Meme.swift in Sources */ = {isa = PBXBuildFile; fileRef = 18CABEEB1CD7B978002FEF4D /* Meme.swift */; };
		18CABEEE1CD7C09B002FEF4D /* MemeTableViewController.swift in Sources */ = {isa = PBXBuildFile; fileRef = 18CABEED1CD7C09B002FEF4D /* MemeTableViewController.swift */; };
		18CABEF01CD7CFBB002FEF4D /* MemeCollectionViewController.swift in Sources */ = {isa = PBXBuildFile; fileRef = 18CABEEF1CD7CFBB002FEF4D /* MemeCollectionViewController.swift */; };
/* End PBXBuildFile section */

/* Begin PBXContainerItemProxy section */
		18CABECD1CD13B63002FEF4D /* PBXContainerItemProxy */ = {
			isa = PBXContainerItemProxy;
			containerPortal = 18CABEB01CD13B63002FEF4D /* Project object */;
			proxyType = 1;
			remoteGlobalIDString = 18CABEB71CD13B63002FEF4D;
			remoteInfo = MemeMe;
		};
		18CABED81CD13B63002FEF4D /* PBXContainerItemProxy */ = {
			isa = PBXContainerItemProxy;
			containerPortal = 18CABEB01CD13B63002FEF4D /* Project object */;
			proxyType = 1;
			remoteGlobalIDString = 18CABEB71CD13B63002FEF4D;
			remoteInfo = MemeMe;
		};
/* End PBXContainerItemProxy section */

/* Begin PBXFileReference section */
		185B064F1CD7F097007CABE3 /* MemeCollectionViewCell.swift */ = {isa = PBXFileReference; fileEncoding = 4; lastKnownFileType = sourcecode.swift; path = MemeCollectionViewCell.swift; sourceTree = "<group>"; };
		185B06511CD8F6D3007CABE3 /* MemeDetailViewController.swift */ = {isa = PBXFileReference; fileEncoding = 4; lastKnownFileType = sourcecode.swift; path = MemeDetailViewController.swift; sourceTree = "<group>"; };
		18CABEB81CD13B63002FEF4D /* MemeMe.app */ = {isa = PBXFileReference; explicitFileType = wrapper.application; includeInIndex = 0; path = MemeMe.app; sourceTree = BUILT_PRODUCTS_DIR; };
		18CABEBB1CD13B63002FEF4D /* AppDelegate.swift */ = {isa = PBXFileReference; lastKnownFileType = sourcecode.swift; path = AppDelegate.swift; sourceTree = "<group>"; };
		18CABEBD1CD13B63002FEF4D /* MemeEditorViewController.swift */ = {isa = PBXFileReference; lastKnownFileType = sourcecode.swift; path = MemeEditorViewController.swift; sourceTree = "<group>"; };
		18CABEC01CD13B63002FEF4D /* Base */ = {isa = PBXFileReference; lastKnownFileType = file.storyboard; name = Base; path = Base.lproj/Main.storyboard; sourceTree = "<group>"; };
		18CABEC21CD13B63002FEF4D /* Assets.xcassets */ = {isa = PBXFileReference; lastKnownFileType = folder.assetcatalog; path = Assets.xcassets; sourceTree = "<group>"; };
		18CABEC51CD13B63002FEF4D /* Base */ = {isa = PBXFileReference; lastKnownFileType = file.storyboard; name = Base; path = Base.lproj/LaunchScreen.storyboard; sourceTree = "<group>"; };
		18CABEC71CD13B63002FEF4D /* Info.plist */ = {isa = PBXFileReference; lastKnownFileType = text.plist.xml; path = Info.plist; sourceTree = "<group>"; };
		18CABECC1CD13B63002FEF4D /* MemeMeTests.xctest */ = {isa = PBXFileReference; explicitFileType = wrapper.cfbundle; includeInIndex = 0; path = MemeMeTests.xctest; sourceTree = BUILT_PRODUCTS_DIR; };
		18CABED01CD13B63002FEF4D /* MemeMeTests.swift */ = {isa = PBXFileReference; lastKnownFileType = sourcecode.swift; path = MemeMeTests.swift; sourceTree = "<group>"; };
		18CABED21CD13B63002FEF4D /* Info.plist */ = {isa = PBXFileReference; lastKnownFileType = text.plist.xml; path = Info.plist; sourceTree = "<group>"; };
		18CABED71CD13B63002FEF4D /* MemeMeUITests.xctest */ = {isa = PBXFileReference; explicitFileType = wrapper.cfbundle; includeInIndex = 0; path = MemeMeUITests.xctest; sourceTree = BUILT_PRODUCTS_DIR; };
		18CABEDB1CD13B63002FEF4D /* MemeMeUITests.swift */ = {isa = PBXFileReference; lastKnownFileType = sourcecode.swift; path = MemeMeUITests.swift; sourceTree = "<group>"; };
		18CABEDD1CD13B63002FEF4D /* Info.plist */ = {isa = PBXFileReference; lastKnownFileType = text.plist.xml; path = Info.plist; sourceTree = "<group>"; };
		18CABEEB1CD7B978002FEF4D /* Meme.swift */ = {isa = PBXFileReference; fileEncoding = 4; lastKnownFileType = sourcecode.swift; path = Meme.swift; sourceTree = "<group>"; };
		18CABEED1CD7C09B002FEF4D /* MemeTableViewController.swift */ = {isa = PBXFileReference; fileEncoding = 4; lastKnownFileType = sourcecode.swift; path = MemeTableViewController.swift; sourceTree = "<group>"; };
		18CABEEF1CD7CFBB002FEF4D /* MemeCollectionViewController.swift */ = {isa = PBXFileReference; fileEncoding = 4; lastKnownFileType = sourcecode.swift; path = MemeCollectionViewController.swift; sourceTree = "<group>"; };
/* End PBXFileReference section */

/* Begin PBXFrameworksBuildPhase section */
		18CABEB51CD13B63002FEF4D /* Frameworks */ = {
			isa = PBXFrameworksBuildPhase;
			buildActionMask = 2147483647;
			files = (
			);
			runOnlyForDeploymentPostprocessing = 0;
		};
		18CABEC91CD13B63002FEF4D /* Frameworks */ = {
			isa = PBXFrameworksBuildPhase;
			buildActionMask = 2147483647;
			files = (
			);
			runOnlyForDeploymentPostprocessing = 0;
		};
		18CABED41CD13B63002FEF4D /* Frameworks */ = {
			isa = PBXFrameworksBuildPhase;
			buildActionMask = 2147483647;
			files = (
			);
			runOnlyForDeploymentPostprocessing = 0;
		};
/* End PBXFrameworksBuildPhase section */

/* Begin PBXGroup section */
		18CABEAF1CD13B63002FEF4D = {
			isa = PBXGroup;
			children = (
				18CABEBA1CD13B63002FEF4D /* MemeMe */,
				18CABECF1CD13B63002FEF4D /* MemeMeTests */,
				18CABEDA1CD13B63002FEF4D /* MemeMeUITests */,
				18CABEB91CD13B63002FEF4D /* Products */,
			);
			sourceTree = "<group>";
		};
		18CABEB91CD13B63002FEF4D /* Products */ = {
			isa = PBXGroup;
			children = (
				18CABEB81CD13B63002FEF4D /* MemeMe.app */,
				18CABECC1CD13B63002FEF4D /* MemeMeTests.xctest */,
				18CABED71CD13B63002FEF4D /* MemeMeUITests.xctest */,
			);
			name = Products;
			sourceTree = "<group>";
		};
		18CABEBA1CD13B63002FEF4D /* MemeMe */ = {
			isa = PBXGroup;
			children = (
				18CABEBB1CD13B63002FEF4D /* AppDelegate.swift */,
				18CABEBD1CD13B63002FEF4D /* MemeEditorViewController.swift */,
				18CABEED1CD7C09B002FEF4D /* MemeTableViewController.swift */,
				18CABEEF1CD7CFBB002FEF4D /* MemeCollectionViewController.swift */,
				185B064F1CD7F097007CABE3 /* MemeCollectionViewCell.swift */,
				185B06511CD8F6D3007CABE3 /* MemeDetailViewController.swift */,
				18CABEBF1CD13B63002FEF4D /* Main.storyboard */,
				18CABEC21CD13B63002FEF4D /* Assets.xcassets */,
				18CABEC41CD13B63002FEF4D /* LaunchScreen.storyboard */,
				18CABEC71CD13B63002FEF4D /* Info.plist */,
				18CABEEB1CD7B978002FEF4D /* Meme.swift */,
			);
			path = MemeMe;
			sourceTree = "<group>";
		};
		18CABECF1CD13B63002FEF4D /* MemeMeTests */ = {
			isa = PBXGroup;
			children = (
				18CABED01CD13B63002FEF4D /* MemeMeTests.swift */,
				18CABED21CD13B63002FEF4D /* Info.plist */,
			);
			path = MemeMeTests;
			sourceTree = "<group>";
		};
		18CABEDA1CD13B63002FEF4D /* MemeMeUITests */ = {
			isa = PBXGroup;
			children = (
				18CABEDB1CD13B63002FEF4D /* MemeMeUITests.swift */,
				18CABEDD1CD13B63002FEF4D /* Info.plist */,
			);
			path = MemeMeUITests;
			sourceTree = "<group>";
		};
/* End PBXGroup section */

/* Begin PBXNativeTarget section */
		18CABEB71CD13B63002FEF4D /* MemeMe */ = {
			isa = PBXNativeTarget;
			buildConfigurationList = 18CABEE01CD13B63002FEF4D /* Build configuration list for PBXNativeTarget "MemeMe" */;
			buildPhases = (
				18CABEB41CD13B63002FEF4D /* Sources */,
				18CABEB51CD13B63002FEF4D /* Frameworks */,
				18CABEB61CD13B63002FEF4D /* Resources */,
			);
			buildRules = (
			);
			dependencies = (
			);
			name = MemeMe;
			productName = MemeMe;
			productReference = 18CABEB81CD13B63002FEF4D /* MemeMe.app */;
			productType = "com.apple.product-type.application";
		};
		18CABECB1CD13B63002FEF4D /* MemeMeTests */ = {
			isa = PBXNativeTarget;
			buildConfigurationList = 18CABEE31CD13B63002FEF4D /* Build configuration list for PBXNativeTarget "MemeMeTests" */;
			buildPhases = (
				18CABEC81CD13B63002FEF4D /* Sources */,
				18CABEC91CD13B63002FEF4D /* Frameworks */,
				18CABECA1CD13B63002FEF4D /* Resources */,
			);
			buildRules = (
			);
			dependencies = (
				18CABECE1CD13B63002FEF4D /* PBXTargetDependency */,
			);
			name = MemeMeTests;
			productName = MemeMeTests;
			productReference = 18CABECC1CD13B63002FEF4D /* MemeMeTests.xctest */;
			productType = "com.apple.product-type.bundle.unit-test";
		};
		18CABED61CD13B63002FEF4D /* MemeMeUITests */ = {
			isa = PBXNativeTarget;
			buildConfigurationList = 18CABEE61CD13B63002FEF4D /* Build configuration list for PBXNativeTarget "MemeMeUITests" */;
			buildPhases = (
				18CABED31CD13B63002FEF4D /* Sources */,
				18CABED41CD13B63002FEF4D /* Frameworks */,
				18CABED51CD13B63002FEF4D /* Resources */,
			);
			buildRules = (
			);
			dependencies = (
				18CABED91CD13B63002FEF4D /* PBXTargetDependency */,
			);
			name = MemeMeUITests;
			productName = MemeMeUITests;
			productReference = 18CABED71CD13B63002FEF4D /* MemeMeUITests.xctest */;
			productType = "com.apple.product-type.bundle.ui-testing";
		};
/* End PBXNativeTarget section */

/* Begin PBXProject section */
		18CABEB01CD13B63002FEF4D /* Project object */ = {
			isa = PBXProject;
			attributes = {
				LastSwiftUpdateCheck = 0720;
				LastUpgradeCheck = 0720;
				ORGANIZATIONNAME = soheiln;
				TargetAttributes = {
					18CABEB71CD13B63002FEF4D = {
						CreatedOnToolsVersion = 7.2.1;
					};
					18CABECB1CD13B63002FEF4D = {
						CreatedOnToolsVersion = 7.2.1;
						TestTargetID = 18CABEB71CD13B63002FEF4D;
					};
					18CABED61CD13B63002FEF4D = {
						CreatedOnToolsVersion = 7.2.1;
						TestTargetID = 18CABEB71CD13B63002FEF4D;
					};
				};
			};
			buildConfigurationList = 18CABEB31CD13B63002FEF4D /* Build configuration list for PBXProject "MemeMe" */;
			compatibilityVersion = "Xcode 3.2";
			developmentRegion = English;
			hasScannedForEncodings = 0;
			knownRegions = (
				en,
				Base,
			);
			mainGroup = 18CABEAF1CD13B63002FEF4D;
			productRefGroup = 18CABEB91CD13B63002FEF4D /* Products */;
			projectDirPath = "";
			projectRoot = "";
			targets = (
				18CABEB71CD13B63002FEF4D /* MemeMe */,
				18CABECB1CD13B63002FEF4D /* MemeMeTests */,
				18CABED61CD13B63002FEF4D /* MemeMeUITests */,
			);
		};
/* End PBXProject section */

/* Begin PBXResourcesBuildPhase section */
		18CABEB61CD13B63002FEF4D /* Resources */ = {
			isa = PBXResourcesBuildPhase;
			buildActionMask = 2147483647;
			files = (
				18CABEC61CD13B63002FEF4D /* LaunchScreen.storyboard in Resources */,
				18CABEC31CD13B63002FEF4D /* Assets.xcassets in Resources */,
				18CABEC11CD13B63002FEF4D /* Main.storyboard in Resources */,
			);
			runOnlyForDeploymentPostprocessing = 0;
		};
		18CABECA1CD13B63002FEF4D /* Resources */ = {
			isa = PBXResourcesBuildPhase;
			buildActionMask = 2147483647;
			files = (
			);
			runOnlyForDeploymentPostprocessing = 0;
		};
		18CABED51CD13B63002FEF4D /* Resources */ = {
			isa = PBXResourcesBuildPhase;
			buildActionMask = 2147483647;
			files = (
			);
			runOnlyForDeploymentPostprocessing = 0;
		};
/* End PBXResourcesBuildPhase section */

/* Begin PBXSourcesBuildPhase section */
		18CABEB41CD13B63002FEF4D /* Sources */ = {
			isa = PBXSourcesBuildPhase;
			buildActionMask = 2147483647;
			files = (
				18CABEEC1CD7B978002FEF4D /* Meme.swift in Sources */,
				18CABEBE1CD13B63002FEF4D /* MemeEditorViewController.swift in Sources */,
				18CABEF01CD7CFBB002FEF4D /* MemeCollectionViewController.swift in Sources */,
				18CABEBC1CD13B63002FEF4D /* AppDelegate.swift in Sources */,
				185B06521CD8F6D3007CABE3 /* MemeDetailViewController.swift in Sources */,
				185B06501CD7F097007CABE3 /* MemeCollectionViewCell.swift in Sources */,
				18CABEEE1CD7C09B002FEF4D /* MemeTableViewController.swift in Sources */,
			);
			runOnlyForDeploymentPostprocessing = 0;
		};
		18CABEC81CD13B63002FEF4D /* Sources */ = {
			isa = PBXSourcesBuildPhase;
			buildActionMask = 2147483647;
			files = (
				18CABED11CD13B63002FEF4D /* MemeMeTests.swift in Sources */,
			);
			runOnlyForDeploymentPostprocessing = 0;
		};
		18CABED31CD13B63002FEF4D /* Sources */ = {
			isa = PBXSourcesBuildPhase;
			buildActionMask = 2147483647;
			files = (
				18CABEDC1CD13B63002FEF4D /* MemeMeUITests.swift in Sources */,
			);
			runOnlyForDeploymentPostprocessing = 0;
		};
/* End PBXSourcesBuildPhase section */

/* Begin PBXTargetDependency section */
		18CABECE1CD13B63002FEF4D /* PBXTargetDependency */ = {
			isa = PBXTargetDependency;
			target = 18CABEB71CD13B63002FEF4D /* MemeMe */;
			targetProxy = 18CABECD1CD13B63002FEF4D /* PBXContainerItemProxy */;
		};
		18CABED91CD13B63002FEF4D /* PBXTargetDependency */ = {
			isa = PBXTargetDependency;
			target = 18CABEB71CD13B63002FEF4D /* MemeMe */;
			targetProxy = 18CABED81CD13B63002FEF4D /* PBXContainerItemProxy */;
		};
/* End PBXTargetDependency section */

/* Begin PBXVariantGroup section */
		18CABEBF1CD13B63002FEF4D /* Main.storyboard */ = {
			isa = PBXVariantGroup;
			children = (
				18CABEC01CD13B63002FEF4D /* Base */,
			);
			name = Main.storyboard;
			sourceTree = "<group>";
		};
		18CABEC41CD13B63002FEF4D /* LaunchScreen.storyboard */ = {
			isa = PBXVariantGroup;
			children = (
				18CABEC51CD13B63002FEF4D /* Base */,
			);
			name = LaunchScreen.storyboard;
			sourceTree = "<group>";
		};
/* End PBXVariantGroup section */

/* Begin XCBuildConfiguration section */
		18CABEDE1CD13B63002FEF4D /* Debug */ = {
			isa = XCBuildConfiguration;
			buildSettings = {
				ALWAYS_SEARCH_USER_PATHS = NO;
				CLANG_CXX_LANGUAGE_STANDARD = "gnu++0x";
				CLANG_CXX_LIBRARY = "libc++";
				CLANG_ENABLE_MODULES = YES;
				CLANG_ENABLE_OBJC_ARC = YES;
				CLANG_WARN_BOOL_CONVERSION = YES;
				CLANG_WARN_CONSTANT_CONVERSION = YES;
				CLANG_WARN_DIRECT_OBJC_ISA_USAGE = YES_ERROR;
				CLANG_WARN_EMPTY_BODY = YES;
				CLANG_WARN_ENUM_CONVERSION = YES;
				CLANG_WARN_INT_CONVERSION = YES;
				CLANG_WARN_OBJC_ROOT_CLASS = YES_ERROR;
				CLANG_WARN_UNREACHABLE_CODE = YES;
				CLANG_WARN__DUPLICATE_METHOD_MATCH = YES;
				"CODE_SIGN_IDENTITY[sdk=iphoneos*]" = "iPhone Developer";
				COPY_PHASE_STRIP = NO;
				DEBUG_INFORMATION_FORMAT = dwarf;
				ENABLE_STRICT_OBJC_MSGSEND = YES;
				ENABLE_TESTABILITY = YES;
				GCC_C_LANGUAGE_STANDARD = gnu99;
				GCC_DYNAMIC_NO_PIC = NO;
				GCC_NO_COMMON_BLOCKS = YES;
				GCC_OPTIMIZATION_LEVEL = 0;
				GCC_PREPROCESSOR_DEFINITIONS = (
					"DEBUG=1",
					"$(inherited)",
				);
				GCC_WARN_64_TO_32_BIT_CONVERSION = YES;
				GCC_WARN_ABOUT_RETURN_TYPE = YES_ERROR;
				GCC_WARN_UNDECLARED_SELECTOR = YES;
				GCC_WARN_UNINITIALIZED_AUTOS = YES_AGGRESSIVE;
				GCC_WARN_UNUSED_FUNCTION = YES;
				GCC_WARN_UNUSED_VARIABLE = YES;
				IPHONEOS_DEPLOYMENT_TARGET = 9.2;
				MTL_ENABLE_DEBUG_INFO = YES;
				ONLY_ACTIVE_ARCH = YES;
				SDKROOT = iphoneos;
				SWIFT_OPTIMIZATION_LEVEL = "-Onone";
			};
			name = Debug;
		};
		18CABEDF1CD13B63002FEF4D /* Release */ = {
			isa = XCBuildConfiguration;
			buildSettings = {
				ALWAYS_SEARCH_USER_PATHS = NO;
				CLANG_CXX_LANGUAGE_STANDARD = "gnu++0x";
				CLANG_CXX_LIBRARY = "libc++";
				CLANG_ENABLE_MODULES = YES;
				CLANG_ENABLE_OBJC_ARC = YES;
				CLANG_WARN_BOOL_CONVERSION = YES;
				CLANG_WARN_CONSTANT_CONVERSION = YES;
				CLANG_WARN_DIRECT_OBJC_ISA_USAGE = YES_ERROR;
				CLANG_WARN_EMPTY_BODY = YES;
				CLANG_WARN_ENUM_CONVERSION = YES;
				CLANG_WARN_INT_CONVERSION = YES;
				CLANG_WARN_OBJC_ROOT_CLASS = YES_ERROR;
				CLANG_WARN_UNREACHABLE_CODE = YES;
				CLANG_WARN__DUPLICATE_METHOD_MATCH = YES;
				"CODE_SIGN_IDENTITY[sdk=iphoneos*]" = "iPhone Developer";
				COPY_PHASE_STRIP = NO;
				DEBUG_INFORMATION_FORMAT = "dwarf-with-dsym";
				ENABLE_NS_ASSERTIONS = NO;
				ENABLE_STRICT_OBJC_MSGSEND = YES;
				GCC_C_LANGUAGE_STANDARD = gnu99;
				GCC_NO_COMMON_BLOCKS = YES;
				GCC_WARN_64_TO_32_BIT_CONVERSION = YES;
				GCC_WARN_ABOUT_RETURN_TYPE = YES_ERROR;
				GCC_WARN_UNDECLARED_SELECTOR = YES;
				GCC_WARN_UNINITIALIZED_AUTOS = YES_AGGRESSIVE;
				GCC_WARN_UNUSED_FUNCTION = YES;
				GCC_WARN_UNUSED_VARIABLE = YES;
				IPHONEOS_DEPLOYMENT_TARGET = 9.2;
				MTL_ENABLE_DEBUG_INFO = NO;
				SDKROOT = iphoneos;
				VALIDATE_PRODUCT = YES;
			};
			name = Release;
		};
		18CABEE11CD13B63002FEF4D /* Debug */ = {
			isa = XCBuildConfiguration;
			buildSettings = {
				ASSETCATALOG_COMPILER_APPICON_NAME = AppIcon;
				INFOPLIST_FILE = MemeMe/Info.plist;
				LD_RUNPATH_SEARCH_PATHS = "$(inherited) @executable_path/Frameworks";
				PRODUCT_BUNDLE_IDENTIFIER = com.soheiln.MemeMe;
				PRODUCT_NAME = "$(TARGET_NAME)";
			};
			name = Debug;
		};
		18CABEE21CD13B63002FEF4D /* Release */ = {
			isa = XCBuildConfiguration;
			buildSettings = {
				ASSETCATALOG_COMPILER_APPICON_NAME = AppIcon;
				INFOPLIST_FILE = MemeMe/Info.plist;
				LD_RUNPATH_SEARCH_PATHS = "$(inherited) @executable_path/Frameworks";
				PRODUCT_BUNDLE_IDENTIFIER = com.soheiln.MemeMe;
				PRODUCT_NAME = "$(TARGET_NAME)";
			};
			name = Release;
		};
		18CABEE41CD13B63002FEF4D /* Debug */ = {
			isa = XCBuildConfiguration;
			buildSettings = {
				BUNDLE_LOADER = "$(TEST_HOST)";
				INFOPLIST_FILE = MemeMeTests/Info.plist;
				LD_RUNPATH_SEARCH_PATHS = "$(inherited) @executable_path/Frameworks @loader_path/Frameworks";
				PRODUCT_BUNDLE_IDENTIFIER = com.soheiln.MemeMeTests;
				PRODUCT_NAME = "$(TARGET_NAME)";
				TEST_HOST = "$(BUILT_PRODUCTS_DIR)/MemeMe.app/MemeMe";
			};
			name = Debug;
		};
		18CABEE51CD13B63002FEF4D /* Release */ = {
			isa = XCBuildConfiguration;
			buildSettings = {
				BUNDLE_LOADER = "$(TEST_HOST)";
				INFOPLIST_FILE = MemeMeTests/Info.plist;
				LD_RUNPATH_SEARCH_PATHS = "$(inherited) @executable_path/Frameworks @loader_path/Frameworks";
				PRODUCT_BUNDLE_IDENTIFIER = com.soheiln.MemeMeTests;
				PRODUCT_NAME = "$(TARGET_NAME)";
				TEST_HOST = "$(BUILT_PRODUCTS_DIR)/MemeMe.app/MemeMe";
			};
			name = Release;
		};
		18CABEE71CD13B63002FEF4D /* Debug */ = {
			isa = XCBuildConfiguration;
			buildSettings = {
				INFOPLIST_FILE = MemeMeUITests/Info.plist;
				LD_RUNPATH_SEARCH_PATHS = "$(inherited) @executable_path/Frameworks @loader_path/Frameworks";
				PRODUCT_BUNDLE_IDENTIFIER = com.soheiln.MemeMeUITests;
				PRODUCT_NAME = "$(TARGET_NAME)";
				TEST_TARGET_NAME = MemeMe;
				USES_XCTRUNNER = YES;
			};
			name = Debug;
		};
		18CABEE81CD13B63002FEF4D /* Release */ = {
			isa = XCBuildConfiguration;
			buildSettings = {
				INFOPLIST_FILE = MemeMeUITests/Info.plist;
				LD_RUNPATH_SEARCH_PATHS = "$(inherited) @executable_path/Frameworks @loader_path/Frameworks";
				PRODUCT_BUNDLE_IDENTIFIER = com.soheiln.MemeMeUITests;
				PRODUCT_NAME = "$(TARGET_NAME)";
				TEST_TARGET_NAME = MemeMe;
				USES_XCTRUNNER = YES;
			};
			name = Release;
		};
/* End XCBuildConfiguration section */

/* Begin XCConfigurationList section */
		18CABEB31CD13B63002FEF4D /* Build configuration list for PBXProject "MemeMe" */ = {
			isa = XCConfigurationList;
			buildConfigurations = (
				18CABEDE1CD13B63002FEF4D /* Debug */,
				18CABEDF1CD13B63002FEF4D /* Release */,
			);
			defaultConfigurationIsVisible = 0;
			defaultConfigurationName = Release;
		};
		18CABEE01CD13B63002FEF4D /* Build configuration list for PBXNativeTarget "MemeMe" */ = {
			isa = XCConfigurationList;
			buildConfigurations = (
				18CABEE11CD13B63002FEF4D /* Debug */,
				18CABEE21CD13B63002FEF4D /* Release */,
			);
			defaultConfigurationIsVisible = 0;
			defaultConfigurationName = Release;
		};
		18CABEE31CD13B63002FEF4D /* Build configuration list for PBXNativeTarget "MemeMeTests" */ = {
			isa = XCConfigurationList;
			buildConfigurations = (
				18CABEE41CD13B63002FEF4D /* Debug */,
				18CABEE51CD13B63002FEF4D /* Release */,
			);
			defaultConfigurationIsVisible = 0;
			defaultConfigurationName = Release;
		};
		18CABEE61CD13B63002FEF4D /* Build configuration list for PBXNativeTarget "MemeMeUITests" */ = {
			isa = XCConfigurationList;
			buildConfigurations = (
				18CABEE71CD13B63002FEF4D /* Debug */,
				18CABEE81CD13B63002FEF4D /* Release */,
			);
			defaultConfigurationIsVisible = 0;
			defaultConfigurationName = Release;
		};
/* End XCConfigurationList section */
	};
	rootObject = 18CABEB01CD13B63002FEF4D /* Project object */;
}
